
Microsoft Visual Studio Solution File, Format Version 12.00
# Visual Studio Version 17
VisualStudioVersion = 17.3.32901.215
MinimumVisualStudioVersion = 10.0.40219.1
Project("{888888A0-9F3D-457C-B088-3A5042F75D52}") = "MarkiplierBot", "MarkiplierBot\MarkiplierBot.pyproj", "{B571D765-176F-4775-8006-9F0F37408C02}"
EndProject
Global
	GlobalSection(SolutionConfigurationPlatforms) = preSolution
		Debug|Any CPU = Debug|Any CPU
		Release|Any CPU = Release|Any CPU
	EndGlobalSection
	GlobalSection(ProjectConfigurationPlatforms) = postSolution
		{B571D765-176F-4775-8006-9F0F37408C02}.Debug|Any CPU.ActiveCfg = Debug|Any CPU
		{B571D765-176F-4775-8006-9F0F37408C02}.Release|Any CPU.ActiveCfg = Release|Any CPU
	EndGlobalSection
	GlobalSection(SolutionProperties) = preSolution
		HideSolutionNode = FALSE
	EndGlobalSection
	GlobalSection(ExtensibilityGlobals) = postSolution
		SolutionGuid = {C530E97C-1B29-4399-BF58-7ECE6B3F0663}
	EndGlobalSection
EndGlobal
